
Microsoft Visual Studio Solution File, Format Version 11.00
# Visual Studio 2010
Project("{8BC9CEB8-8B4A-11D0-8D11-00A0C91BC942}") = "csqlodbc", "odbc\odbc.vcxproj", "{6BD732D3-087A-4B65-AE46-FDD357CD8751}"
	ProjectSection(ProjectDependencies) = postProject
		{437FB04C-9FA4-4C0B-9061-30F0553BF372} = {437FB04C-9FA4-4C0B-9061-30F0553BF372}
		{A87FD250-E2DE-454E-8C59-FFCC65C998D2} = {A87FD250-E2DE-454E-8C59-FFCC65C998D2}
		{A00C1E9B-7559-4CC4-90D3-C34D536D3AA5} = {A00C1E9B-7559-4CC4-90D3-C34D536D3AA5}
		{1BB12DC1-C345-4079-97E0-0818AAFA792D} = {1BB12DC1-C345-4079-97E0-0818AAFA792D}
	EndProjectSection
EndProject
Project("{8BC9CEB8-8B4A-11D0-8D11-00A0C91BC942}") = "storage", "storage\storage.vcxproj", "{437FB04C-9FA4-4C0B-9061-30F0553BF372}"
EndProject
Project("{8BC9CEB8-8B4A-11D0-8D11-00A0C91BC942}") = "sqlnetwork", "sqlnetwork\sqlnetwork.vcxproj", "{1BB12DC1-C345-4079-97E0-0818AAFA792D}"
EndProject
Project("{8BC9CEB8-8B4A-11D0-8D11-00A0C91BC942}") = "network", "network\network.vcxproj", "{A00C1E9B-7559-4CC4-90D3-C34D536D3AA5}"
EndProject
Project("{8BC9CEB8-8B4A-11D0-8D11-00A0C91BC942}") = "sql", "sql\sql.vcxproj", "{A87FD250-E2DE-454E-8C59-FFCC65C998D2}"
EndProject
Project("{8BC9CEB8-8B4A-11D0-8D11-00A0C91BC942}") = "csqljdbc", "csqljdbc\csqljdbc.vcxproj", "{5D6F9754-92DA-4571-92BA-23E4C4677656}"
	ProjectSection(ProjectDependencies) = postProject
		{437FB04C-9FA4-4C0B-9061-30F0553BF372} = {437FB04C-9FA4-4C0B-9061-30F0553BF372}
		{A87FD250-E2DE-454E-8C59-FFCC65C998D2} = {A87FD250-E2DE-454E-8C59-FFCC65C998D2}
		{A00C1E9B-7559-4CC4-90D3-C34D536D3AA5} = {A00C1E9B-7559-4CC4-90D3-C34D536D3AA5}
		{1BB12DC1-C345-4079-97E0-0818AAFA792D} = {1BB12DC1-C345-4079-97E0-0818AAFA792D}
	EndProjectSection
EndProject
Project("{8BC9CEB8-8B4A-11D0-8D11-00A0C91BC942}") = "csqlclient", "csqlclient\csqlclient.vcxproj", "{AB201F82-76E6-41AC-B9A3-963D55C68A27}"
	ProjectSection(ProjectDependencies) = postProject
		{437FB04C-9FA4-4C0B-9061-30F0553BF372} = {437FB04C-9FA4-4C0B-9061-30F0553BF372}
		{A87FD250-E2DE-454E-8C59-FFCC65C998D2} = {A87FD250-E2DE-454E-8C59-FFCC65C998D2}
		{A00C1E9B-7559-4CC4-90D3-C34D536D3AA5} = {A00C1E9B-7559-4CC4-90D3-C34D536D3AA5}
	EndProjectSection
EndProject
Global
	GlobalSection(SolutionConfigurationPlatforms) = preSolution
		Debug|Win32 = Debug|Win32
		Release|Win32 = Release|Win32
	EndGlobalSection
	GlobalSection(ProjectConfigurationPlatforms) = postSolution
		{6BD732D3-087A-4B65-AE46-FDD357CD8751}.Debug|Win32.ActiveCfg = Debug|Win32
		{6BD732D3-087A-4B65-AE46-FDD357CD8751}.Debug|Win32.Build.0 = Debug|Win32
		{6BD732D3-087A-4B65-AE46-FDD357CD8751}.Release|Win32.ActiveCfg = Release|Win32
		{6BD732D3-087A-4B65-AE46-FDD357CD8751}.Release|Win32.Build.0 = Release|Win32
		{437FB04C-9FA4-4C0B-9061-30F0553BF372}.Debug|Win32.ActiveCfg = Debug|Win32
		{437FB04C-9FA4-4C0B-9061-30F0553BF372}.Debug|Win32.Build.0 = Debug|Win32
		{437FB04C-9FA4-4C0B-9061-30F0553BF372}.Release|Win32.ActiveCfg = Release|Win32
		{437FB04C-9FA4-4C0B-9061-30F0553BF372}.Release|Win32.Build.0 = Release|Win32
		{1BB12DC1-C345-4079-97E0-0818AAFA792D}.Debug|Win32.ActiveCfg = Debug|Win32
		{1BB12DC1-C345-4079-97E0-0818AAFA792D}.Debug|Win32.Build.0 = Debug|Win32
		{1BB12DC1-C345-4079-97E0-0818AAFA792D}.Release|Win32.ActiveCfg = Release|Win32
		{1BB12DC1-C345-4079-97E0-0818AAFA792D}.Release|Win32.Build.0 = Release|Win32
		{A00C1E9B-7559-4CC4-90D3-C34D536D3AA5}.Debug|Win32.ActiveCfg = Debug|Win32
		{A00C1E9B-7559-4CC4-90D3-C34D536D3AA5}.Debug|Win32.Build.0 = Debug|Win32
		{A00C1E9B-7559-4CC4-90D3-C34D536D3AA5}.Release|Win32.ActiveCfg = Release|Win32
		{A00C1E9B-7559-4CC4-90D3-C34D536D3AA5}.Release|Win32.Build.0 = Release|Win32
		{A87FD250-E2DE-454E-8C59-FFCC65C998D2}.Debug|Win32.ActiveCfg = Debug|Win32
		{A87FD250-E2DE-454E-8C59-FFCC65C998D2}.Debug|Win32.Build.0 = Debug|Win32
		{A87FD250-E2DE-454E-8C59-FFCC65C998D2}.Release|Win32.ActiveCfg = Release|Win32
		{A87FD250-E2DE-454E-8C59-FFCC65C998D2}.Release|Win32.Build.0 = Release|Win32
		{5D6F9754-92DA-4571-92BA-23E4C4677656}.Debug|Win32.ActiveCfg = Debug|Win32
		{5D6F9754-92DA-4571-92BA-23E4C4677656}.Debug|Win32.Build.0 = Debug|Win32
		{5D6F9754-92DA-4571-92BA-23E4C4677656}.Release|Win32.ActiveCfg = Release|Win32
		{5D6F9754-92DA-4571-92BA-23E4C4677656}.Release|Win32.Build.0 = Release|Win32
		{AB201F82-76E6-41AC-B9A3-963D55C68A27}.Debug|Win32.ActiveCfg = Debug|Win32
		{AB201F82-76E6-41AC-B9A3-963D55C68A27}.Debug|Win32.Build.0 = Debug|Win32
		{AB201F82-76E6-41AC-B9A3-963D55C68A27}.Release|Win32.ActiveCfg = Release|Win32
		{AB201F82-76E6-41AC-B9A3-963D55C68A27}.Release|Win32.Build.0 = Release|Win32
	EndGlobalSection
	GlobalSection(SolutionProperties) = preSolution
		HideSolutionNode = FALSE
	EndGlobalSection
EndGlobal
